{
	"name": "p5play-web",
	"version": "1.1.172",
	"lockfileVersion": 2,
	"requires": true,
	"packages": {
		"": {
			"name": "p5play-web",
			"version": "1.1.172",
			"license": "GPL-3.0-only",
			"dependencies": {
				"box2d-wasm": "npm:liquidfun-wasm@^7.0.0",
				"yuidocjs": "^0.10.2"
			}
		},
		"node_modules/@types/emscripten": {
			"version": "1.39.6",
			"license": "MIT"
		},
		"node_modules/accepts": {
			"version": "1.3.8",
			"license": "MIT",
			"dependencies": {
				"mime-types": "~2.1.34",
				"negotiator": "0.6.3"
			},
			"engines": {
				"node": ">= 0.6"
			}
		},
		"node_modules/argparse": {
			"version": "1.0.10",
			"license": "MIT",
			"dependencies": {
				"sprintf-js": "~1.0.2"
			}
		},
		"node_modules/asn1": {
			"version": "0.1.11",
			"optional": true,
			"engines": {
				"node": ">=0.4.9"
			}
		},
		"node_modules/async": {
			"version": "0.9.2",
			"license": "MIT",
			"optional": true
		},
		"node_modules/aws-sign2": {
			"version": "0.5.0",
			"optional": true,
			"engines": {
				"node": "*"
			}
		},
		"node_modules/balanced-match": {
			"version": "1.0.2",
			"license": "MIT"
		},
		"node_modules/body-parser": {
			"version": "1.20.0",
			"license": "MIT",
			"dependencies": {
				"bytes": "3.1.2",
				"content-type": "~1.0.4",
				"debug": "2.6.9",
				"depd": "2.0.0",
				"destroy": "1.2.0",
				"http-errors": "2.0.0",
				"iconv-lite": "0.4.24",
				"on-finished": "2.4.1",
				"qs": "6.10.3",
				"raw-body": "2.5.1",
				"type-is": "~1.6.18",
				"unpipe": "1.0.0"
			},
			"engines": {
				"node": ">= 0.8",
				"npm": "1.2.8000 || >= 1.4.16"
			}
		},
		"node_modules/boom": {
			"version": "0.4.2",
			"optional": true,
			"dependencies": {
				"hoek": "0.9.x"
			},
			"engines": {
				"node": ">=0.8.0"
			}
		},
		"node_modules/box2d-wasm": {
			"name": "liquidfun-wasm",
			"version": "7.0.0",
			"resolved": "https://registry.npmjs.org/liquidfun-wasm/-/liquidfun-wasm-7.0.0.tgz",
			"integrity": "sha512-Cf6CBPrjOgPKtz+4fgG5kp11diYWEDUJHa1dZX5Na6otOq3dn2aCo5rqONAyJqqYByjB74ny8Mpzp2u+Yo32QQ==",
			"dependencies": {
				"@types/emscripten": "^1.39.6"
			}
		},
		"node_modules/brace-expansion": {
			"version": "1.1.11",
			"license": "MIT",
			"dependencies": {
				"balanced-match": "^1.0.0",
				"concat-map": "0.0.1"
			}
		},
		"node_modules/bytes": {
			"version": "3.1.2",
			"license": "MIT",
			"engines": {
				"node": ">= 0.8"
			}
		},
		"node_modules/call-bind": {
			"version": "1.0.2",
			"license": "MIT",
			"dependencies": {
				"function-bind": "^1.1.1",
				"get-intrinsic": "^1.0.2"
			},
			"funding": {
				"url": "https://github.com/sponsors/ljharb"
			}
		},
		"node_modules/combined-stream": {
			"version": "0.0.7",
			"optional": true,
			"dependencies": {
				"delayed-stream": "0.0.5"
			},
			"engines": {
				"node": ">= 0.8"
			}
		},
		"node_modules/concat-map": {
			"version": "0.0.1",
			"license": "MIT"
		},
		"node_modules/content-disposition": {
			"version": "0.5.4",
			"license": "MIT",
			"dependencies": {
				"safe-buffer": "5.2.1"
			},
			"engines": {
				"node": ">= 0.6"
			}
		},
		"node_modules/content-type": {
			"version": "1.0.4",
			"license": "MIT",
			"engines": {
				"node": ">= 0.6"
			}
		},
		"node_modules/cookie": {
			"version": "0.5.0",
			"license": "MIT",
			"engines": {
				"node": ">= 0.6"
			}
		},
		"node_modules/cookie-signature": {
			"version": "1.0.6",
			"license": "MIT"
		},
		"node_modules/cryptiles": {
			"version": "0.2.2",
			"optional": true,
			"dependencies": {
				"boom": "0.4.x"
			},
			"engines": {
				"node": ">=0.8.0"
			}
		},
		"node_modules/ctype": {
			"version": "0.5.3",
			"optional": true,
			"engines": {
				"node": ">= 0.4"
			}
		},
		"node_modules/debug": {
			"version": "2.6.9",
			"license": "MIT",
			"dependencies": {
				"ms": "2.0.0"
			}
		},
		"node_modules/delayed-stream": {
			"version": "0.0.5",
			"optional": true,
			"engines": {
				"node": ">=0.4.0"
			}
		},
		"node_modules/depd": {
			"version": "2.0.0",
			"license": "MIT",
			"engines": {
				"node": ">= 0.8"
			}
		},
		"node_modules/destroy": {
			"version": "1.2.0",
			"license": "MIT",
			"engines": {
				"node": ">= 0.8",
				"npm": "1.2.8000 || >= 1.4.16"
			}
		},
		"node_modules/ee-first": {
			"version": "1.1.1",
			"license": "MIT"
		},
		"node_modules/encodeurl": {
			"version": "1.0.2",
			"license": "MIT",
			"engines": {
				"node": ">= 0.8"
			}
		},
		"node_modules/entities": {
			"version": "1.1.2",
			"license": "BSD-2-Clause"
		},
		"node_modules/escape-html": {
			"version": "1.0.3",
			"license": "MIT"
		},
		"node_modules/etag": {
			"version": "1.8.1",
			"license": "MIT",
			"engines": {
				"node": ">= 0.6"
			}
		},
		"node_modules/express": {
			"version": "4.18.1",
			"license": "MIT",
			"dependencies": {
				"accepts": "~1.3.8",
				"array-flatten": "1.1.1",
				"body-parser": "1.20.0",
				"content-disposition": "0.5.4",
				"content-type": "~1.0.4",
				"cookie": "0.5.0",
				"cookie-signature": "1.0.6",
				"debug": "2.6.9",
				"depd": "2.0.0",
				"encodeurl": "~1.0.2",
				"escape-html": "~1.0.3",
				"etag": "~1.8.1",
				"finalhandler": "1.2.0",
				"fresh": "0.5.2",
				"http-errors": "2.0.0",
				"merge-descriptors": "1.0.1",
				"methods": "~1.1.2",
				"on-finished": "2.4.1",
				"parseurl": "~1.3.3",
				"path-to-regexp": "0.1.7",
				"proxy-addr": "~2.0.7",
				"qs": "6.10.3",
				"range-parser": "~1.2.1",
				"safe-buffer": "5.2.1",
				"send": "0.18.0",
				"serve-static": "1.15.0",
				"setprototypeof": "1.2.0",
				"statuses": "2.0.1",
				"type-is": "~1.6.18",
				"utils-merge": "1.0.1",
				"vary": "~1.1.2"
			},
			"engines": {
				"node": ">= 0.10.0"
			}
		},
		"node_modules/express/node_modules/array-flatten": {
			"version": "1.1.1",
			"resolved": "https://registry.npmjs.org/array-flatten/-/array-flatten-1.1.1.tgz",
			"integrity": "sha512-PCVAQswWemu6UdxsDFFX/+gVeYqKAod3D3UVm91jHwynguOwAvYPhx8nNlM++NqRcK6CxxpUafjmhIdKiHibqg=="
		},
		"node_modules/express/node_modules/methods": {
			"version": "1.1.2",
			"resolved": "https://registry.npmjs.org/methods/-/methods-1.1.2.tgz",
			"integrity": "sha512-iclAHeNqNm68zFtnZ0e+1L2yUIdvzNoauKU4WBA3VvH/vPFieF7qfRlwUZU+DA9P9bPXIS90ulxoUoCH23sV2w==",
			"engines": {
				"node": ">= 0.6"
			}
		},
		"node_modules/express/node_modules/path-to-regexp": {
			"version": "0.1.7",
			"resolved": "https://registry.npmjs.org/path-to-regexp/-/path-to-regexp-0.1.7.tgz",
			"integrity": "sha512-5DFkuoqlv1uYQKxy8omFBeJPQcdoE07Kv2sferDCrAq1ohOU+MSDswDIbnx3YAM60qIOnYa53wBhXW0EbMonrQ=="
		},
		"node_modules/finalhandler": {
			"version": "1.2.0",
			"license": "MIT",
			"dependencies": {
				"debug": "2.6.9",
				"encodeurl": "~1.0.2",
				"escape-html": "~1.0.3",
				"on-finished": "2.4.1",
				"parseurl": "~1.3.3",
				"statuses": "2.0.1",
				"unpipe": "~1.0.0"
			},
			"engines": {
				"node": ">= 0.8"
			}
		},
		"node_modules/forever-agent": {
			"version": "0.5.2",
			"engines": {
				"node": "*"
			}
		},
		"node_modules/form-data": {
			"version": "0.1.4",
			"optional": true,
			"dependencies": {
				"async": "~0.9.0",
				"combined-stream": "~0.0.4",
				"mime": "~1.2.11"
			},
			"engines": {
				"node": ">= 0.8"
			}
		},
		"node_modules/form-data/node_modules/mime": {
			"version": "1.2.11",
			"resolved": "https://registry.npmjs.org/mime/-/mime-1.2.11.tgz",
			"integrity": "sha512-Ysa2F/nqTNGHhhm9MV8ure4+Hc+Y8AWiqUdHxsO7xu8zc92ND9f3kpALHjaP026Ft17UfxrMt95c50PLUeynBw==",
			"optional": true
		},
		"node_modules/forwarded": {
			"version": "0.2.0",
			"license": "MIT",
			"engines": {
				"node": ">= 0.6"
			}
		},
		"node_modules/fresh": {
			"version": "0.5.2",
			"license": "MIT",
			"engines": {
				"node": ">= 0.6"
			}
		},
		"node_modules/fs.realpath": {
			"version": "1.0.0",
			"license": "ISC"
		},
		"node_modules/function-bind": {
			"version": "1.1.1",
			"license": "MIT"
		},
		"node_modules/get-intrinsic": {
			"version": "1.1.2",
			"license": "MIT",
			"dependencies": {
				"function-bind": "^1.1.1",
				"has": "^1.0.3",
				"has-symbols": "^1.0.3"
			},
			"funding": {
				"url": "https://github.com/sponsors/ljharb"
			}
		},
		"node_modules/glob": {
			"version": "7.2.3",
			"license": "ISC",
			"dependencies": {
				"fs.realpath": "^1.0.0",
				"inflight": "^1.0.4",
				"inherits": "2",
				"minimatch": "^3.1.1",
				"once": "^1.3.0",
				"path-is-absolute": "^1.0.0"
			},
			"engines": {
				"node": "*"
			},
			"funding": {
				"url": "https://github.com/sponsors/isaacs"
			}
		},
		"node_modules/graceful-fs": {
			"version": "4.2.10",
			"license": "ISC"
		},
		"node_modules/has": {
			"version": "1.0.3",
			"license": "MIT",
			"dependencies": {
				"function-bind": "^1.1.1"
			},
			"engines": {
				"node": ">= 0.4.0"
			}
		},
		"node_modules/has-symbols": {
			"version": "1.0.3",
			"license": "MIT",
			"engines": {
				"node": ">= 0.4"
			},
			"funding": {
				"url": "https://github.com/sponsors/ljharb"
			}
		},
		"node_modules/hawk": {
			"version": "1.1.1",
			"optional": true,
			"dependencies": {
				"boom": "0.4.x",
				"cryptiles": "0.2.x",
				"hoek": "0.9.x",
				"sntp": "0.2.x"
			},
			"engines": {
				"node": ">=0.8.0"
			}
		},
		"node_modules/hoek": {
			"version": "0.9.1",
			"optional": true,
			"engines": {
				"node": ">=0.8.0"
			}
		},
		"node_modules/http-errors": {
			"version": "2.0.0",
			"license": "MIT",
			"dependencies": {
				"depd": "2.0.0",
				"inherits": "2.0.4",
				"setprototypeof": "1.2.0",
				"statuses": "2.0.1",
				"toidentifier": "1.0.1"
			},
			"engines": {
				"node": ">= 0.8"
			}
		},
		"node_modules/http-signature": {
			"version": "0.10.1",
			"license": "MIT",
			"optional": true,
			"dependencies": {
				"asn1": "0.1.11",
				"assert-plus": "^0.1.5",
				"ctype": "0.5.3"
			},
			"engines": {
				"node": ">=0.8"
			}
		},
		"node_modules/http-signature/node_modules/assert-plus": {
			"version": "0.1.5",
			"resolved": "https://registry.npmjs.org/assert-plus/-/assert-plus-0.1.5.tgz",
			"integrity": "sha512-brU24g7ryhRwGCI2y+1dGQmQXiZF7TtIj583S96y0jjdajIe6wn8BuXyELYhvD22dtIxDQVFk04YTJwwdwOYJw==",
			"optional": true,
			"engines": {
				"node": ">=0.8"
			}
		},
		"node_modules/iconv-lite": {
			"version": "0.4.24",
			"license": "MIT",
			"dependencies": {
				"safer-buffer": ">= 2.1.2 < 3"
			},
			"engines": {
				"node": ">=0.10.0"
			}
		},
		"node_modules/inflight": {
			"version": "1.0.6",
			"license": "ISC",
			"dependencies": {
				"once": "^1.3.0",
				"wrappy": "1"
			}
		},
		"node_modules/inherits": {
			"version": "2.0.4",
			"license": "ISC"
		},
		"node_modules/ipaddr.js": {
			"version": "1.9.1",
			"license": "MIT",
			"engines": {
				"node": ">= 0.10"
			}
		},
		"node_modules/json-stringify-safe": {
			"version": "5.0.1",
			"license": "ISC"
		},
		"node_modules/linkify-it": {
			"version": "1.2.4",
			"license": "MIT",
			"dependencies": {
				"uc.micro": "^1.0.1"
			}
		},
		"node_modules/markdown-it": {
			"version": "4.4.0",
			"license": "MIT",
			"dependencies": {
				"argparse": "~1.0.2",
				"entities": "~1.1.1",
				"linkify-it": "~1.2.0",
				"mdurl": "~1.0.0",
				"uc.micro": "^1.0.0"
			},
			"bin": {
				"markdown-it": "bin/markdown-it.js"
			}
		},
		"node_modules/mdn-links": {
			"version": "0.1.0",
			"license": "MIT"
		},
		"node_modules/mdurl": {
			"version": "1.0.1",
			"license": "MIT"
		},
		"node_modules/media-typer": {
			"version": "0.3.0",
			"license": "MIT",
			"engines": {
				"node": ">= 0.6"
			}
		},
		"node_modules/merge-descriptors": {
			"version": "1.0.1",
			"license": "MIT"
		},
		"node_modules/mime": {
			"version": "1.6.0",
			"license": "MIT",
			"bin": {
				"mime": "cli.js"
			},
			"engines": {
				"node": ">=4"
			}
		},
		"node_modules/mime-db": {
			"version": "1.52.0",
			"license": "MIT",
			"engines": {
				"node": ">= 0.6"
			}
		},
		"node_modules/mime-types": {
			"version": "2.1.35",
			"license": "MIT",
			"dependencies": {
				"mime-db": "1.52.0"
			},
			"engines": {
				"node": ">= 0.6"
			}
		},
		"node_modules/minimatch": {
			"version": "3.1.2",
			"license": "ISC",
			"dependencies": {
				"brace-expansion": "^1.1.7"
			},
			"engines": {
				"node": "*"
			}
		},
		"node_modules/ms": {
			"version": "2.0.0",
			"license": "MIT"
		},
		"node_modules/negotiator": {
			"version": "0.6.3",
			"license": "MIT",
			"engines": {
				"node": ">= 0.6"
			}
		},
		"node_modules/node-uuid": {
			"version": "1.4.8",
			"bin": {
				"uuid": "bin/uuid"
			}
		},
		"node_modules/oauth-sign": {
			"version": "0.3.0",
			"optional": true,
			"engines": {
				"node": "*"
			}
		},
		"node_modules/object-inspect": {
			"version": "1.12.2",
			"license": "MIT",
			"funding": {
				"url": "https://github.com/sponsors/ljharb"
			}
		},
		"node_modules/on-finished": {
			"version": "2.4.1",
			"license": "MIT",
			"dependencies": {
				"ee-first": "1.1.1"
			},
			"engines": {
				"node": ">= 0.8"
			}
		},
		"node_modules/once": {
			"version": "1.4.0",
			"license": "ISC",
			"dependencies": {
				"wrappy": "1"
			}
		},
		"node_modules/parseurl": {
			"version": "1.3.3",
			"license": "MIT",
			"engines": {
				"node": ">= 0.8"
			}
		},
		"node_modules/path-is-absolute": {
			"version": "1.0.1",
			"license": "MIT",
			"engines": {
				"node": ">=0.10.0"
			}
		},
		"node_modules/proxy-addr": {
			"version": "2.0.7",
			"license": "MIT",
			"dependencies": {
				"forwarded": "0.2.0",
				"ipaddr.js": "1.9.1"
			},
			"engines": {
				"node": ">= 0.10"
			}
		},
		"node_modules/psl": {
			"version": "1.9.0",
			"license": "MIT",
			"optional": true
		},
		"node_modules/punycode": {
			"version": "2.1.1",
			"license": "MIT",
			"optional": true,
			"engines": {
				"node": ">=6"
			}
		},
		"node_modules/qs": {
			"version": "6.10.3",
			"license": "BSD-3-Clause",
			"dependencies": {
				"side-channel": "^1.0.4"
			},
			"engines": {
				"node": ">=0.6"
			},
			"funding": {
				"url": "https://github.com/sponsors/ljharb"
			}
		},
		"node_modules/querystringify": {
			"version": "2.2.0",
			"license": "MIT",
			"optional": true
		},
		"node_modules/range-parser": {
			"version": "1.2.1",
			"license": "MIT",
			"engines": {
				"node": ">= 0.6"
			}
		},
		"node_modules/raw-body": {
			"version": "2.5.1",
			"license": "MIT",
			"dependencies": {
				"bytes": "3.1.2",
				"http-errors": "2.0.0",
				"iconv-lite": "0.4.24",
				"unpipe": "1.0.0"
			},
			"engines": {
				"node": ">= 0.8"
			}
		},
		"node_modules/request": {
			"version": "2.40.0",
			"engines": [
				"node >= 0.8.0"
			],
			"license": "Apache-2.0",
			"dependencies": {
				"forever-agent": "~0.5.0",
				"json-stringify-safe": "~5.0.0",
				"mime-types": "~1.0.1",
				"node-uuid": "~1.4.0",
				"qs": "~1.0.0"
			},
			"optionalDependencies": {
				"aws-sign2": "~0.5.0",
				"form-data": "~0.1.0",
				"hawk": "1.1.1",
				"http-signature": "~0.10.0",
				"oauth-sign": "~0.3.0",
				"stringstream": "~0.0.4",
				"tough-cookie": ">=0.12.0",
				"tunnel-agent": "~0.4.0"
			}
		},
		"node_modules/request/node_modules/mime-types": {
			"version": "1.0.2",
			"resolved": "https://registry.npmjs.org/mime-types/-/mime-types-1.0.2.tgz",
			"integrity": "sha512-echfutj/t5SoTL4WZpqjA1DCud1XO0WQF3/GJ48YBmc4ZMhCK77QA6Z/w6VTQERLKuJ4drze3kw2TUT8xZXVNw==",
			"engines": {
				"node": ">= 0.8.0"
			}
		},
		"node_modules/request/node_modules/qs": {
			"version": "1.0.2",
			"resolved": "https://registry.npmjs.org/qs/-/qs-1.0.2.tgz",
			"integrity": "sha512-tHuOP9TN/1VmDM/ylApGK1QF3PSIP8I6bHDEfoKNQeViREQ/sfu1bAUrA1hoDun8p8Tpm7jcsz47g+3PiGoYdg=="
		},
		"node_modules/requires-port": {
			"version": "1.0.0",
			"license": "MIT",
			"optional": true
		},
		"node_modules/rimraf": {
			"version": "2.7.1",
			"license": "ISC",
			"dependencies": {
				"glob": "^7.1.3"
			},
			"bin": {
				"rimraf": "bin.js"
			}
		},
		"node_modules/safe-buffer": {
			"version": "5.2.1",
			"funding": [
				{
					"type": "github",
					"url": "https://github.com/sponsors/feross"
				},
				{
					"type": "patreon",
					"url": "https://www.patreon.com/feross"
				},
				{
					"type": "consulting",
					"url": "https://feross.org/support"
				}
			],
			"license": "MIT"
		},
		"node_modules/safer-buffer": {
			"version": "2.1.2",
			"license": "MIT"
		},
		"node_modules/send": {
			"version": "0.18.0",
			"license": "MIT",
			"dependencies": {
				"debug": "2.6.9",
				"depd": "2.0.0",
				"destroy": "1.2.0",
				"encodeurl": "~1.0.2",
				"escape-html": "~1.0.3",
				"etag": "~1.8.1",
				"fresh": "0.5.2",
				"http-errors": "2.0.0",
				"mime": "1.6.0",
				"ms": "2.1.3",
				"on-finished": "2.4.1",
				"range-parser": "~1.2.1",
				"statuses": "2.0.1"
			},
			"engines": {
				"node": ">= 0.8.0"
			}
		},
		"node_modules/send/node_modules/ms": {
			"version": "2.1.3",
			"license": "MIT"
		},
		"node_modules/serve-static": {
			"version": "1.15.0",
			"license": "MIT",
			"dependencies": {
				"encodeurl": "~1.0.2",
				"escape-html": "~1.0.3",
				"parseurl": "~1.3.3",
				"send": "0.18.0"
			},
			"engines": {
				"node": ">= 0.8.0"
			}
		},
		"node_modules/setprototypeof": {
			"version": "1.2.0",
			"license": "ISC"
		},
		"node_modules/side-channel": {
			"version": "1.0.4",
			"license": "MIT",
			"dependencies": {
				"call-bind": "^1.0.0",
				"get-intrinsic": "^1.0.2",
				"object-inspect": "^1.9.0"
			},
			"funding": {
				"url": "https://github.com/sponsors/ljharb"
			}
		},
		"node_modules/sntp": {
			"version": "0.2.4",
			"optional": true,
			"dependencies": {
				"hoek": "0.9.x"
			},
			"engines": {
				"node": ">=0.8.0"
			}
		},
		"node_modules/sprintf-js": {
			"version": "1.0.3",
			"license": "BSD-3-Clause"
		},
		"node_modules/statuses": {
			"version": "2.0.1",
			"license": "MIT",
			"engines": {
				"node": ">= 0.8"
			}
		},
		"node_modules/stringstream": {
			"version": "0.0.6",
			"license": "MIT",
			"optional": true
		},
		"node_modules/toidentifier": {
			"version": "1.0.1",
			"license": "MIT",
			"engines": {
				"node": ">=0.6"
			}
		},
		"node_modules/tough-cookie": {
			"version": "4.1.2",
			"license": "BSD-3-Clause",
			"optional": true,
			"dependencies": {
				"psl": "^1.1.33",
				"punycode": "^2.1.1",
				"universalify": "^0.2.0",
				"url-parse": "^1.5.3"
			},
			"engines": {
				"node": ">=6"
			}
		},
		"node_modules/tunnel-agent": {
			"version": "0.4.3",
			"license": "Apache-2.0",
			"optional": true,
			"engines": {
				"node": "*"
			}
		},
		"node_modules/type-is": {
			"version": "1.6.18",
			"license": "MIT",
			"dependencies": {
				"media-typer": "0.3.0",
				"mime-types": "~2.1.24"
			},
			"engines": {
				"node": ">= 0.6"
			}
		},
		"node_modules/uc.micro": {
			"version": "1.0.6",
			"license": "MIT"
		},
		"node_modules/universalify": {
			"version": "0.2.0",
			"license": "MIT",
			"optional": true,
			"engines": {
				"node": ">= 4.0.0"
			}
		},
		"node_modules/unpipe": {
			"version": "1.0.0",
			"license": "MIT",
			"engines": {
				"node": ">= 0.8"
			}
		},
		"node_modules/url-parse": {
			"version": "1.5.10",
			"license": "MIT",
			"optional": true,
			"dependencies": {
				"querystringify": "^2.1.1",
				"requires-port": "^1.0.0"
			}
		},
		"node_modules/utils-merge": {
			"version": "1.0.1",
			"license": "MIT",
			"engines": {
				"node": ">= 0.4.0"
			}
		},
		"node_modules/vary": {
			"version": "1.1.2",
			"license": "MIT",
			"engines": {
				"node": ">= 0.8"
			}
		},
		"node_modules/wrappy": {
			"version": "1.0.2",
			"license": "ISC"
		},
		"node_modules/yui": {
			"version": "3.18.1",
			"dependencies": {
				"request": "~2.40.0"
			},
			"engines": {
				"node": ">=0.8.0"
			}
		},
		"node_modules/yuidocjs": {
			"version": "0.10.2",
			"license": "BSD-3-Clause",
			"dependencies": {
				"express": "^4.13.1",
				"graceful-fs": "^4.1.2",
				"markdown-it": "^4.3.0",
				"mdn-links": "^0.1.0",
				"minimatch": "^3.0.2",
				"rimraf": "^2.4.1",
				"yui": "^3.18.1"
			},
			"bin": {
				"yuidoc": "lib/cli.js"
			},
			"engines": {
				"node": ">=0.10.0"
			}
		}
	},
	"dependencies": {
		"@types/emscripten": {
			"version": "1.39.6"
		},
		"accepts": {
			"version": "1.3.8",
			"requires": {
				"mime-types": "~2.1.34",
				"negotiator": "0.6.3"
			}
		},
		"argparse": {
			"version": "1.0.10",
			"requires": {
				"sprintf-js": "~1.0.2"
			}
		},
		"asn1": {
			"version": "0.1.11",
			"optional": true
		},
		"async": {
			"version": "0.9.2",
			"optional": true
		},
		"aws-sign2": {
			"version": "0.5.0",
			"optional": true
		},
		"balanced-match": {
			"version": "1.0.2"
		},
		"body-parser": {
			"version": "1.20.0",
			"requires": {
				"bytes": "3.1.2",
				"content-type": "~1.0.4",
				"debug": "2.6.9",
				"depd": "2.0.0",
				"destroy": "1.2.0",
				"http-errors": "2.0.0",
				"iconv-lite": "0.4.24",
				"on-finished": "2.4.1",
				"qs": "6.10.3",
				"raw-body": "2.5.1",
				"type-is": "~1.6.18",
				"unpipe": "1.0.0"
			}
		},
		"boom": {
			"version": "0.4.2",
			"optional": true,
			"requires": {
				"hoek": "0.9.x"
			}
		},
		"box2d-wasm": {
			"version": "npm:liquidfun-wasm@7.0.0",
			"resolved": "https://registry.npmjs.org/liquidfun-wasm/-/liquidfun-wasm-7.0.0.tgz",
			"integrity": "sha512-Cf6CBPrjOgPKtz+4fgG5kp11diYWEDUJHa1dZX5Na6otOq3dn2aCo5rqONAyJqqYByjB74ny8Mpzp2u+Yo32QQ==",
			"requires": {
				"@types/emscripten": "^1.39.6"
			}
		},
		"brace-expansion": {
			"version": "1.1.11",
			"requires": {
				"balanced-match": "^1.0.0",
				"concat-map": "0.0.1"
			}
		},
		"bytes": {
			"version": "3.1.2"
		},
		"call-bind": {
			"version": "1.0.2",
			"requires": {
				"function-bind": "^1.1.1",
				"get-intrinsic": "^1.0.2"
			}
		},
		"combined-stream": {
			"version": "0.0.7",
			"optional": true,
			"requires": {
				"delayed-stream": "0.0.5"
			}
		},
		"concat-map": {
			"version": "0.0.1"
		},
		"content-disposition": {
			"version": "0.5.4",
			"requires": {
				"safe-buffer": "5.2.1"
			}
		},
		"content-type": {
			"version": "1.0.4"
		},
		"cookie": {
			"version": "0.5.0"
		},
		"cookie-signature": {
			"version": "1.0.6"
		},
		"cryptiles": {
			"version": "0.2.2",
			"optional": true,
			"requires": {
				"boom": "0.4.x"
			}
		},
		"ctype": {
			"version": "0.5.3",
			"optional": true
		},
		"debug": {
			"version": "2.6.9",
			"requires": {
				"ms": "2.0.0"
			}
		},
		"delayed-stream": {
			"version": "0.0.5",
			"optional": true
		},
		"depd": {
			"version": "2.0.0"
		},
		"destroy": {
			"version": "1.2.0"
		},
		"ee-first": {
			"version": "1.1.1"
		},
		"encodeurl": {
			"version": "1.0.2"
		},
		"entities": {
			"version": "1.1.2"
		},
		"escape-html": {
			"version": "1.0.3"
		},
		"etag": {
			"version": "1.8.1"
		},
		"express": {
			"version": "4.18.1",
			"requires": {
				"accepts": "~1.3.8",
				"array-flatten": "1.1.1",
				"body-parser": "1.20.0",
				"content-disposition": "0.5.4",
				"content-type": "~1.0.4",
				"cookie": "0.5.0",
				"cookie-signature": "1.0.6",
				"debug": "2.6.9",
				"depd": "2.0.0",
				"encodeurl": "~1.0.2",
				"escape-html": "~1.0.3",
				"etag": "~1.8.1",
				"finalhandler": "1.2.0",
				"fresh": "0.5.2",
				"http-errors": "2.0.0",
				"merge-descriptors": "1.0.1",
				"methods": "~1.1.2",
				"on-finished": "2.4.1",
				"parseurl": "~1.3.3",
				"path-to-regexp": "0.1.7",
				"proxy-addr": "~2.0.7",
				"qs": "6.10.3",
				"range-parser": "~1.2.1",
				"safe-buffer": "5.2.1",
				"send": "0.18.0",
				"serve-static": "1.15.0",
				"setprototypeof": "1.2.0",
				"statuses": "2.0.1",
				"type-is": "~1.6.18",
				"utils-merge": "1.0.1",
				"vary": "~1.1.2"
			},
			"dependencies": {
				"array-flatten": {
					"version": "1.1.1",
					"resolved": "https://registry.npmjs.org/array-flatten/-/array-flatten-1.1.1.tgz",
					"integrity": "sha512-PCVAQswWemu6UdxsDFFX/+gVeYqKAod3D3UVm91jHwynguOwAvYPhx8nNlM++NqRcK6CxxpUafjmhIdKiHibqg=="
				},
				"methods": {
					"version": "1.1.2",
					"resolved": "https://registry.npmjs.org/methods/-/methods-1.1.2.tgz",
					"integrity": "sha512-iclAHeNqNm68zFtnZ0e+1L2yUIdvzNoauKU4WBA3VvH/vPFieF7qfRlwUZU+DA9P9bPXIS90ulxoUoCH23sV2w=="
				},
				"path-to-regexp": {
					"version": "0.1.7",
					"resolved": "https://registry.npmjs.org/path-to-regexp/-/path-to-regexp-0.1.7.tgz",
					"integrity": "sha512-5DFkuoqlv1uYQKxy8omFBeJPQcdoE07Kv2sferDCrAq1ohOU+MSDswDIbnx3YAM60qIOnYa53wBhXW0EbMonrQ=="
				}
			}
		},
		"finalhandler": {
			"version": "1.2.0",
			"requires": {
				"debug": "2.6.9",
				"encodeurl": "~1.0.2",
				"escape-html": "~1.0.3",
				"on-finished": "2.4.1",
				"parseurl": "~1.3.3",
				"statuses": "2.0.1",
				"unpipe": "~1.0.0"
			}
		},
		"forever-agent": {
			"version": "0.5.2"
		},
		"form-data": {
			"version": "0.1.4",
			"optional": true,
			"requires": {
				"async": "~0.9.0",
				"combined-stream": "~0.0.4",
				"mime": "~1.2.11"
			},
			"dependencies": {
				"mime": {
					"version": "1.2.11",
					"resolved": "https://registry.npmjs.org/mime/-/mime-1.2.11.tgz",
					"integrity": "sha512-Ysa2F/nqTNGHhhm9MV8ure4+Hc+Y8AWiqUdHxsO7xu8zc92ND9f3kpALHjaP026Ft17UfxrMt95c50PLUeynBw==",
					"optional": true
				}
			}
		},
		"forwarded": {
			"version": "0.2.0"
		},
		"fresh": {
			"version": "0.5.2"
		},
		"fs.realpath": {
			"version": "1.0.0"
		},
		"function-bind": {
			"version": "1.1.1"
		},
		"get-intrinsic": {
			"version": "1.1.2",
			"requires": {
				"function-bind": "^1.1.1",
				"has": "^1.0.3",
				"has-symbols": "^1.0.3"
			}
		},
		"glob": {
			"version": "7.2.3",
			"requires": {
				"fs.realpath": "^1.0.0",
				"inflight": "^1.0.4",
				"inherits": "2",
				"minimatch": "^3.1.1",
				"once": "^1.3.0",
				"path-is-absolute": "^1.0.0"
			}
		},
		"graceful-fs": {
			"version": "4.2.10"
		},
		"has": {
			"version": "1.0.3",
			"requires": {
				"function-bind": "^1.1.1"
			}
		},
		"has-symbols": {
			"version": "1.0.3"
		},
		"hawk": {
			"version": "1.1.1",
			"optional": true,
			"requires": {
				"boom": "0.4.x",
				"cryptiles": "0.2.x",
				"hoek": "0.9.x",
				"sntp": "0.2.x"
			}
		},
		"hoek": {
			"version": "0.9.1",
			"optional": true
		},
		"http-errors": {
			"version": "2.0.0",
			"requires": {
				"depd": "2.0.0",
				"inherits": "2.0.4",
				"setprototypeof": "1.2.0",
				"statuses": "2.0.1",
				"toidentifier": "1.0.1"
			}
		},
		"http-signature": {
			"version": "0.10.1",
			"optional": true,
			"requires": {
				"asn1": "0.1.11",
				"assert-plus": "^0.1.5",
				"ctype": "0.5.3"
			},
			"dependencies": {
				"assert-plus": {
					"version": "0.1.5",
					"resolved": "https://registry.npmjs.org/assert-plus/-/assert-plus-0.1.5.tgz",
					"integrity": "sha512-brU24g7ryhRwGCI2y+1dGQmQXiZF7TtIj583S96y0jjdajIe6wn8BuXyELYhvD22dtIxDQVFk04YTJwwdwOYJw==",
					"optional": true
				}
			}
		},
		"iconv-lite": {
			"version": "0.4.24",
			"requires": {
				"safer-buffer": ">= 2.1.2 < 3"
			}
		},
		"inflight": {
			"version": "1.0.6",
			"requires": {
				"once": "^1.3.0",
				"wrappy": "1"
			}
		},
		"inherits": {
			"version": "2.0.4"
		},
		"ipaddr.js": {
			"version": "1.9.1"
		},
		"json-stringify-safe": {
			"version": "5.0.1"
		},
		"linkify-it": {
			"version": "1.2.4",
			"requires": {
				"uc.micro": "^1.0.1"
			}
		},
		"markdown-it": {
			"version": "4.4.0",
			"requires": {
				"argparse": "~1.0.2",
				"entities": "~1.1.1",
				"linkify-it": "~1.2.0",
				"mdurl": "~1.0.0",
				"uc.micro": "^1.0.0"
			}
		},
		"mdn-links": {
			"version": "0.1.0"
		},
		"mdurl": {
			"version": "1.0.1"
		},
		"media-typer": {
			"version": "0.3.0"
		},
		"merge-descriptors": {
			"version": "1.0.1"
		},
		"mime": {
			"version": "1.6.0"
		},
		"mime-db": {
			"version": "1.52.0"
		},
		"mime-types": {
			"version": "2.1.35",
			"requires": {
				"mime-db": "1.52.0"
			}
		},
		"minimatch": {
			"version": "3.1.2",
			"requires": {
				"brace-expansion": "^1.1.7"
			}
		},
		"ms": {
			"version": "2.0.0"
		},
		"negotiator": {
			"version": "0.6.3"
		},
		"node-uuid": {
			"version": "1.4.8"
		},
		"oauth-sign": {
			"version": "0.3.0",
			"optional": true
		},
		"object-inspect": {
			"version": "1.12.2"
		},
		"on-finished": {
			"version": "2.4.1",
			"requires": {
				"ee-first": "1.1.1"
			}
		},
		"once": {
			"version": "1.4.0",
			"requires": {
				"wrappy": "1"
			}
		},
		"parseurl": {
			"version": "1.3.3"
		},
		"path-is-absolute": {
			"version": "1.0.1"
		},
		"proxy-addr": {
			"version": "2.0.7",
			"requires": {
				"forwarded": "0.2.0",
				"ipaddr.js": "1.9.1"
			}
		},
		"psl": {
			"version": "1.9.0",
			"optional": true
		},
		"punycode": {
			"version": "2.1.1",
			"optional": true
		},
		"qs": {
			"version": "6.10.3",
			"requires": {
				"side-channel": "^1.0.4"
			}
		},
		"querystringify": {
			"version": "2.2.0",
			"optional": true
		},
		"range-parser": {
			"version": "1.2.1"
		},
		"raw-body": {
			"version": "2.5.1",
			"requires": {
				"bytes": "3.1.2",
				"http-errors": "2.0.0",
				"iconv-lite": "0.4.24",
				"unpipe": "1.0.0"
			}
		},
		"request": {
			"version": "2.40.0",
			"requires": {
				"aws-sign2": "~0.5.0",
				"forever-agent": "~0.5.0",
				"form-data": "~0.1.0",
				"hawk": "1.1.1",
				"http-signature": "~0.10.0",
				"json-stringify-safe": "~5.0.0",
				"mime-types": "~1.0.1",
				"node-uuid": "~1.4.0",
				"oauth-sign": "~0.3.0",
				"qs": "~1.0.0",
				"stringstream": "~0.0.4",
				"tough-cookie": ">=0.12.0",
				"tunnel-agent": "~0.4.0"
			},
			"dependencies": {
				"mime-types": {
					"version": "1.0.2",
					"resolved": "https://registry.npmjs.org/mime-types/-/mime-types-1.0.2.tgz",
					"integrity": "sha512-echfutj/t5SoTL4WZpqjA1DCud1XO0WQF3/GJ48YBmc4ZMhCK77QA6Z/w6VTQERLKuJ4drze3kw2TUT8xZXVNw=="
				},
				"qs": {
					"version": "1.0.2",
					"resolved": "https://registry.npmjs.org/qs/-/qs-1.0.2.tgz",
					"integrity": "sha512-tHuOP9TN/1VmDM/ylApGK1QF3PSIP8I6bHDEfoKNQeViREQ/sfu1bAUrA1hoDun8p8Tpm7jcsz47g+3PiGoYdg=="
				}
			}
		},
		"requires-port": {
			"version": "1.0.0",
			"optional": true
		},
		"rimraf": {
			"version": "2.7.1",
			"requires": {
				"glob": "^7.1.3"
			}
		},
		"safe-buffer": {
			"version": "5.2.1"
		},
		"safer-buffer": {
			"version": "2.1.2"
		},
		"send": {
			"version": "0.18.0",
			"requires": {
				"debug": "2.6.9",
				"depd": "2.0.0",
				"destroy": "1.2.0",
				"encodeurl": "~1.0.2",
				"escape-html": "~1.0.3",
				"etag": "~1.8.1",
				"fresh": "0.5.2",
				"http-errors": "2.0.0",
				"mime": "1.6.0",
				"ms": "2.1.3",
				"on-finished": "2.4.1",
				"range-parser": "~1.2.1",
				"statuses": "2.0.1"
			},
			"dependencies": {
				"ms": {
					"version": "2.1.3"
				}
			}
		},
		"serve-static": {
			"version": "1.15.0",
			"requires": {
				"encodeurl": "~1.0.2",
				"escape-html": "~1.0.3",
				"parseurl": "~1.3.3",
				"send": "0.18.0"
			}
		},
		"setprototypeof": {
			"version": "1.2.0"
		},
		"side-channel": {
			"version": "1.0.4",
			"requires": {
				"call-bind": "^1.0.0",
				"get-intrinsic": "^1.0.2",
				"object-inspect": "^1.9.0"
			}
		},
		"sntp": {
			"version": "0.2.4",
			"optional": true,
			"requires": {
				"hoek": "0.9.x"
			}
		},
		"sprintf-js": {
			"version": "1.0.3"
		},
		"statuses": {
			"version": "2.0.1"
		},
		"stringstream": {
			"version": "0.0.6",
			"optional": true
		},
		"toidentifier": {
			"version": "1.0.1"
		},
		"tough-cookie": {
			"version": "4.1.2",
			"optional": true,
			"requires": {
				"psl": "^1.1.33",
				"punycode": "^2.1.1",
				"universalify": "^0.2.0",
				"url-parse": "^1.5.3"
			}
		},
		"tunnel-agent": {
			"version": "0.4.3",
			"optional": true
		},
		"type-is": {
			"version": "1.6.18",
			"requires": {
				"media-typer": "0.3.0",
				"mime-types": "~2.1.24"
			}
		},
		"uc.micro": {
			"version": "1.0.6"
		},
		"universalify": {
			"version": "0.2.0",
			"optional": true
		},
		"unpipe": {
			"version": "1.0.0"
		},
		"url-parse": {
			"version": "1.5.10",
			"optional": true,
			"requires": {
				"querystringify": "^2.1.1",
				"requires-port": "^1.0.0"
			}
		},
		"utils-merge": {
			"version": "1.0.1"
		},
		"vary": {
			"version": "1.1.2"
		},
		"wrappy": {
			"version": "1.0.2"
		},
		"yui": {
			"version": "3.18.1",
			"requires": {
				"request": "~2.40.0"
			}
		},
		"yuidocjs": {
			"version": "0.10.2",
			"requires": {
				"express": "^4.13.1",
				"graceful-fs": "^4.1.2",
				"markdown-it": "^4.3.0",
				"mdn-links": "^0.1.0",
				"minimatch": "^3.0.2",
				"rimraf": "^2.4.1",
				"yui": "^3.18.1"
			}
		}
	}
}
